
Microsoft Visual Studio Solution File, Format Version 12.00
# Visual Studio Version 17
VisualStudioVersion = 17.5.33414.496
MinimumVisualStudioVersion = 10.0.40219.1
Project("{FAE04EC0-301F-11D3-BF4B-00C04F79EFBC}") = "FinalASP", "FinalASP\FinalASP.csproj", "{6C419BFD-8836-444E-90EE-A9A5DC7A28F3}"
EndProject
Global
	GlobalSection(SolutionConfigurationPlatforms) = preSolution
		Debug|Any CPU = Debug|Any CPU
		Release|Any CPU = Release|Any CPU
	EndGlobalSection
	GlobalSection(ProjectConfigurationPlatforms) = postSolution
		{6C419BFD-8836-444E-90EE-A9A5DC7A28F3}.Debug|Any CPU.ActiveCfg = Debug|Any CPU
		{6C419BFD-8836-444E-90EE-A9A5DC7A28F3}.Debug|Any CPU.Build.0 = Debug|Any CPU
		{6C419BFD-8836-444E-90EE-A9A5DC7A28F3}.Release|Any CPU.ActiveCfg = Release|Any CPU
		{6C419BFD-8836-444E-90EE-A9A5DC7A28F3}.Release|Any CPU.Build.0 = Release|Any CPU
	EndGlobalSection
	GlobalSection(SolutionProperties) = preSolution
		HideSolutionNode = FALSE
	EndGlobalSection
	GlobalSection(ExtensibilityGlobals) = postSolution
		SolutionGuid = {E86BCDAD-8360-4AA6-B54B-36CA4C549F05}
	EndGlobalSection
EndGlobal
